{
  "name": "lens",
  "version": "0.1.0",
  "lockfileVersion": 3,
  "requires": true,
  "packages": {
    "": {
      "name": "lens",
      "version": "0.1.0",
      "license": "MIT",
      "dependencies": {
        "encore.dev": "^1.53.7"
      }
    },
    "node_modules/encore.dev": {
      "version": "1.54.0",
      "resolved": "https://registry.npmjs.org/encore.dev/-/encore.dev-1.54.0.tgz",
      "integrity": "sha512-c2iONj673pl7C6H5nEbNi/NflckOtYFVe5+YQ2I9qmTCdsin0fkbBZ2paguGh6ueDg5Ud1hrPewYUZXJiy6lpg==",
      "license": "MPL-2.0",
      "engines": {
        "node": ">=18.0.0"
      }
    }
  }
}
